%{
  "fast_html": {:hex, :fast_html, "1.0.3", "2cc0d4b68496266a1530e0c852cafeaede0bd10cfdee26fda50dc696c203162f", [:make, :mix], [], "hexpm"},
  "floki": {:hex, :floki, "0.26.0", "4df88977e2e357c6720e1b650f613444bfb48c5acfc6a0c646ab007d08ad13bf", [:mix], [{:html_entities, "~> 0.5.0", [hex: :html_entities, repo: "hexpm", optional: false]}], "hexpm"},
  "html_entities": {:hex, :html_entities, "0.5.1", "1c9715058b42c35a2ab65edc5b36d0ea66dd083767bef6e3edb57870ef556549", [:mix], [], "hexpm"},
}
