%{
  "fast_html": {:hex, :fast_html, "1.0.3", "2cc0d4b68496266a1530e0c852cafeaede0bd10cfdee26fda50dc696c203162f", [:make, :mix], [], "hexpm", "ab3d782b639d3c4655fbaec0f9d032c91f8cab8dd791ac7469c2381bc7c32f85"},
  "floki": {:hex, :floki, "0.27.0", "6b29a14283f1e2e8fad824bc930eaa9477c462022075df6bea8f0ad811c13599", [:mix], [{:html_entities, "~> 0.5.0", [hex: :html_entities, repo: "hexpm", optional: false]}], "hexpm", "583b8c13697c37179f1f82443bcc7ad2f76fbc0bf4c186606eebd658f7f2631b"},
  "html_entities": {:hex, :html_entities, "0.5.1", "1c9715058b42c35a2ab65edc5b36d0ea66dd083767bef6e3edb57870ef556549", [:mix], [], "hexpm", "30efab070904eb897ff05cd52fa61c1025d7f8ef3a9ca250bc4e6513d16c32de"},
  "iconv": {:hex, :iconv, "1.0.10", "fc7de75c0a1fbc1e4ed0c68637ae7464a5dd9eee81710fff26321922d144ecea", [:rebar3], [{:p1_utils, "1.0.13", [hex: :p1_utils, repo: "hexpm", optional: false]}], "hexpm", "fd9724f78b7659f6def69ac3883a3d2327bc0798898ec378ed2d4798f9e2d503"},
  "jason": {:hex, :jason, "1.2.1", "12b22825e22f468c02eb3e4b9985f3d0cb8dc40b9bd704730efa11abd2708c44", [:mix], [{:decimal, "~> 1.0", [hex: :decimal, repo: "hexpm", optional: true]}], "hexpm", "b659b8571deedf60f79c5a608e15414085fa141344e2716fbd6988a084b5f993"},
  "p1_utils": {:hex, :p1_utils, "1.0.13", "176577cafb54a8c2fdc0a7fc62b9a21ab0f66588f4062792cd9e65f3e500bfdb", [:rebar3], [], "hexpm", "68a081f69b478bc309a857f45957ab5c921da5d4ebd755520b983a5626230a3e"},
  "phoenix_pubsub": {:hex, :phoenix_pubsub, "2.0.0", "a1ae76717bb168cdeb10ec9d92d1480fec99e3080f011402c0a2d68d47395ffb", [:mix], [], "hexpm", "c52d948c4f261577b9c6fa804be91884b381a7f8f18450c5045975435350f771"},
}
